// !$*UTF8*$!
{
	archiveVersion = 1;
	classes = {
	};
	objectVersion = 42;
	objects = {

/* Begin PBXBuildFile section */
		7004C49F0B0506A90065EBFD /* DentryMetafile.m in Sources */ = {isa = PBXBuildFile; fileRef = 7004C49E0B0506A90065EBFD /* DentryMetafile.m */; };
		7016CA9C0ADF198100F185D2 /* BirchController.m in Sources */ = {isa = PBXBuildFile; fileRef = 7016CA9B0ADF198100F185D2 /* BirchController.m */; };
		7016CD1B0AE7358600F185D2 /* Birch.icns in Resources */ = {isa = PBXBuildFile; fileRef = 7016CD1A0AE7358400F185D2 /* Birch.icns */; };
		7016CDC80AE982E000F185D2 /* NFSServer.m in Sources */ = {isa = PBXBuildFile; fileRef = 7016CDC70AE982E000F185D2 /* NFSServer.m */; };
		7018A3980B00243E007911F2 /* DentryEmptyfile.m in Sources */ = {isa = PBXBuildFile; fileRef = 7018A3970B00243E007911F2 /* DentryEmptyfile.m */; };
		708AAE090AF00FB7007144B0 /* mount_server.m in Sources */ = {isa = PBXBuildFile; fileRef = 708AAE050AF00FB7007144B0 /* mount_server.m */; };
		708AAE0A0AF00FB8007144B0 /* mount_svc.m in Sources */ = {isa = PBXBuildFile; fileRef = 708AAE060AF00FB7007144B0 /* mount_svc.m */; };
		708AAE0B0AF00FB8007144B0 /* mount_xdr.m in Sources */ = {isa = PBXBuildFile; fileRef = 708AAE070AF00FB7007144B0 /* mount_xdr.m */; };
		70BA748E0AF1795800E2CB16 /* FileHandle.m in Sources */ = {isa = PBXBuildFile; fileRef = 70BA748D0AF1795800E2CB16 /* FileHandle.m */; };
		70BA74990AF192F600E2CB16 /* Dentry.m in Sources */ = {isa = PBXBuildFile; fileRef = 70BA74980AF192F600E2CB16 /* Dentry.m */; };
		70BA74A50AF2A2D000E2CB16 /* DentryDirectory.m in Sources */ = {isa = PBXBuildFile; fileRef = 70BA74A40AF2A2D000E2CB16 /* DentryDirectory.m */; };
		70BA74AC0AF2A33200E2CB16 /* DentryFile.m in Sources */ = {isa = PBXBuildFile; fileRef = 70BA74AB0AF2A33200E2CB16 /* DentryFile.m */; };
		70BA74FE0AF92DAC00E2CB16 /* BirchQuery.m in Sources */ = {isa = PBXBuildFile; fileRef = 70BA74FD0AF92DAC00E2CB16 /* BirchQuery.m */; };
		70BA76A30AFBC72D00E2CB16 /* HeapBuffer.m in Sources */ = {isa = PBXBuildFile; fileRef = 70BA76A20AFBC72D00E2CB16 /* HeapBuffer.m */; };
		70BA77390AFBD59D00E2CB16 /* RunningQuery.m in Sources */ = {isa = PBXBuildFile; fileRef = 70BA77380AFBD59D00E2CB16 /* RunningQuery.m */; };
		70DE25980AD7250E00E338E6 /* nfs_server.m in Sources */ = {isa = PBXBuildFile; fileRef = 70DE25940AD7250E00E338E6 /* nfs_server.m */; };
		70DE25990AD7250E00E338E6 /* nfs_svc.m in Sources */ = {isa = PBXBuildFile; fileRef = 70DE25950AD7250E00E338E6 /* nfs_svc.m */; };
		70DE259A0AD7250E00E338E6 /* nfs_xdr.m in Sources */ = {isa = PBXBuildFile; fileRef = 70DE25960AD7250E00E338E6 /* nfs_xdr.m */; };
		8D11072A0486CEB800E47090 /* MainMenu.nib in Resources */ = {isa = PBXBuildFile; fileRef = 29B97318FDCFA39411CA2CEA /* MainMenu.nib */; };
		8D11072B0486CEB800E47090 /* InfoPlist.strings in Resources */ = {isa = PBXBuildFile; fileRef = 089C165CFE840E0CC02AAC07 /* InfoPlist.strings */; };
		8D11072D0486CEB800E47090 /* main.m in Sources */ = {isa = PBXBuildFile; fileRef = 29B97316FDCFA39411CA2CEA /* main.m */; settings = {ATTRIBUTES = (); }; };
		8D11072F0486CEB800E47090 /* Cocoa.framework in Frameworks */ = {isa = PBXBuildFile; fileRef = 1058C7A1FEA54F0111CA2CBB /* Cocoa.framework */; };
/* End PBXBuildFile section */

/* Begin PBXFileReference section */
		089C165DFE840E0CC02AAC07 /* English */ = {isa = PBXFileReference; fileEncoding = 10; lastKnownFileType = text.plist.strings; name = English; path = English.lproj/InfoPlist.strings; sourceTree = "<group>"; };
		1058C7A1FEA54F0111CA2CBB /* Cocoa.framework */ = {isa = PBXFileReference; lastKnownFileType = wrapper.framework; name = Cocoa.framework; path = /System/Library/Frameworks/Cocoa.framework; sourceTree = "<absolute>"; };
		13E42FB307B3F0F600E4EEF1 /* CoreData.framework */ = {isa = PBXFileReference; lastKnownFileType = wrapper.framework; name = CoreData.framework; path = /System/Library/Frameworks/CoreData.framework; sourceTree = "<absolute>"; };
		29B97316FDCFA39411CA2CEA /* main.m */ = {isa = PBXFileReference; fileEncoding = 4; lastKnownFileType = sourcecode.c.objc; path = main.m; sourceTree = "<group>"; };
		29B97319FDCFA39411CA2CEA /* English */ = {isa = PBXFileReference; lastKnownFileType = wrapper.nib; name = English; path = English.lproj/MainMenu.nib; sourceTree = "<group>"; };
		29B97324FDCFA39411CA2CEA /* AppKit.framework */ = {isa = PBXFileReference; lastKnownFileType = wrapper.framework; name = AppKit.framework; path = /System/Library/Frameworks/AppKit.framework; sourceTree = "<absolute>"; };
		29B97325FDCFA39411CA2CEA /* Foundation.framework */ = {isa = PBXFileReference; lastKnownFileType = wrapper.framework; name = Foundation.framework; path = /System/Library/Frameworks/Foundation.framework; sourceTree = "<absolute>"; };
		32CA4F630368D1EE00C91783 /* Birch_Prefix.pch */ = {isa = PBXFileReference; fileEncoding = 4; lastKnownFileType = sourcecode.c.h; path = Birch_Prefix.pch; sourceTree = "<group>"; };
		7004C49D0B0506A90065EBFD /* DentryMetafile.h */ = {isa = PBXFileReference; fileEncoding = 4; lastKnownFileType = sourcecode.c.h; path = DentryMetafile.h; sourceTree = "<group>"; };
		7004C49E0B0506A90065EBFD /* DentryMetafile.m */ = {isa = PBXFileReference; fileEncoding = 4; lastKnownFileType = sourcecode.c.objc; path = DentryMetafile.m; sourceTree = "<group>"; };
		7016CA9A0ADF198100F185D2 /* BirchController.h */ = {isa = PBXFileReference; fileEncoding = 4; lastKnownFileType = sourcecode.c.h; path = BirchController.h; sourceTree = "<group>"; };
		7016CA9B0ADF198100F185D2 /* BirchController.m */ = {isa = PBXFileReference; fileEncoding = 4; lastKnownFileType = sourcecode.c.objc; lineEnding = 0; path = BirchController.m; sourceTree = "<group>"; };
		7016CD1A0AE7358400F185D2 /* Birch.icns */ = {isa = PBXFileReference; lastKnownFileType = image.icns; path = Birch.icns; sourceTree = "<group>"; };
		7016CDC60AE982E000F185D2 /* NFSServer.h */ = {isa = PBXFileReference; fileEncoding = 4; lastKnownFileType = sourcecode.c.h; path = NFSServer.h; sourceTree = "<group>"; };
		7016CDC70AE982E000F185D2 /* NFSServer.m */ = {isa = PBXFileReference; fileEncoding = 4; lastKnownFileType = sourcecode.c.objc; path = NFSServer.m; sourceTree = "<group>"; };
		7016CE990AED821100F185D2 /* NFSServerState.h */ = {isa = PBXFileReference; fileEncoding = 4; lastKnownFileType = sourcecode.c.h; path = NFSServerState.h; sourceTree = "<group>"; };
		7018A3960B00243E007911F2 /* DentryEmptyfile.h */ = {isa = PBXFileReference; fileEncoding = 4; lastKnownFileType = sourcecode.c.h; path = DentryEmptyfile.h; sourceTree = "<group>"; };
		7018A3970B00243E007911F2 /* DentryEmptyfile.m */ = {isa = PBXFileReference; fileEncoding = 4; lastKnownFileType = sourcecode.c.objc; path = DentryEmptyfile.m; sourceTree = "<group>"; };
		708AAE050AF00FB7007144B0 /* mount_server.m */ = {isa = PBXFileReference; fileEncoding = 30; lastKnownFileType = sourcecode.c.objc; path = mount_server.m; sourceTree = "<group>"; };
		708AAE060AF00FB7007144B0 /* mount_svc.m */ = {isa = PBXFileReference; fileEncoding = 30; lastKnownFileType = sourcecode.c.objc; path = mount_svc.m; sourceTree = "<group>"; };
		708AAE070AF00FB7007144B0 /* mount_xdr.m */ = {isa = PBXFileReference; fileEncoding = 30; lastKnownFileType = sourcecode.c.objc; path = mount_xdr.m; sourceTree = "<group>"; };
		708AAE080AF00FB7007144B0 /* mount.h */ = {isa = PBXFileReference; fileEncoding = 30; lastKnownFileType = sourcecode.c.h; path = mount.h; sourceTree = "<group>"; };
		708AAE0C0AF00FD9007144B0 /* mount.x */ = {isa = PBXFileReference; fileEncoding = 30; lastKnownFileType = text; path = mount.x; sourceTree = "<group>"; };
		70BA748C0AF1795800E2CB16 /* FileHandle.h */ = {isa = PBXFileReference; fileEncoding = 4; lastKnownFileType = sourcecode.c.h; path = FileHandle.h; sourceTree = "<group>"; };
		70BA748D0AF1795800E2CB16 /* FileHandle.m */ = {isa = PBXFileReference; fileEncoding = 4; lastKnownFileType = sourcecode.c.objc; path = FileHandle.m; sourceTree = "<group>"; };
		70BA74970AF192F600E2CB16 /* Dentry.h */ = {isa = PBXFileReference; fileEncoding = 4; lastKnownFileType = sourcecode.c.h; path = Dentry.h; sourceTree = "<group>"; };
		70BA74980AF192F600E2CB16 /* Dentry.m */ = {isa = PBXFileReference; fileEncoding = 4; lastKnownFileType = sourcecode.c.objc; path = Dentry.m; sourceTree = "<group>"; };
		70BA74A30AF2A2D000E2CB16 /* DentryDirectory.h */ = {isa = PBXFileReference; fileEncoding = 4; lastKnownFileType = sourcecode.c.h; path = DentryDirectory.h; sourceTree = "<group>"; };
		70BA74A40AF2A2D000E2CB16 /* DentryDirectory.m */ = {isa = PBXFileReference; fileEncoding = 4; lastKnownFileType = sourcecode.c.objc; path = DentryDirectory.m; sourceTree = "<group>"; };
		70BA74AA0AF2A33200E2CB16 /* DentryFile.h */ = {isa = PBXFileReference; fileEncoding = 4; lastKnownFileType = sourcecode.c.h; path = DentryFile.h; sourceTree = "<group>"; };
		70BA74AB0AF2A33200E2CB16 /* DentryFile.m */ = {isa = PBXFileReference; fileEncoding = 4; lastKnownFileType = sourcecode.c.objc; path = DentryFile.m; sourceTree = "<group>"; };
		70BA74FC0AF92DAC00E2CB16 /* BirchQuery.h */ = {isa = PBXFileReference; fileEncoding = 4; lastKnownFileType = sourcecode.c.h; path = BirchQuery.h; sourceTree = "<group>"; };
		70BA74FD0AF92DAC00E2CB16 /* BirchQuery.m */ = {isa = PBXFileReference; fileEncoding = 4; lastKnownFileType = sourcecode.c.objc; path = BirchQuery.m; sourceTree = "<group>"; };
		70BA75FA0AF96E8400E2CB16 /* BirchMetadataKind.h */ = {isa = PBXFileReference; fileEncoding = 4; lastKnownFileType = sourcecode.c.h; path = BirchMetadataKind.h; sourceTree = "<group>"; };
		70BA76A10AFBC72D00E2CB16 /* HeapBuffer.h */ = {isa = PBXFileReference; fileEncoding = 4; lastKnownFileType = sourcecode.c.h; path = HeapBuffer.h; sourceTree = "<group>"; };
		70BA76A20AFBC72D00E2CB16 /* HeapBuffer.m */ = {isa = PBXFileReference; fileEncoding = 4; lastKnownFileType = sourcecode.c.objc; path = HeapBuffer.m; sourceTree = "<group>"; };
		70BA77370AFBD59D00E2CB16 /* RunningQuery.h */ = {isa = PBXFileReference; fileEncoding = 4; lastKnownFileType = sourcecode.c.h; path = RunningQuery.h; sourceTree = "<group>"; };
		70BA77380AFBD59D00E2CB16 /* RunningQuery.m */ = {isa = PBXFileReference; fileEncoding = 4; lastKnownFileType = sourcecode.c.objc; path = RunningQuery.m; sourceTree = "<group>"; };
		70C29BCC0AFE8EAD006C581C /* constants.h */ = {isa = PBXFileReference; fileEncoding = 4; lastKnownFileType = sourcecode.c.h; path = constants.h; sourceTree = "<group>"; };
		70DE25810AD722A400E338E6 /* nfs_prot.x */ = {isa = PBXFileReference; fileEncoding = 30; lastKnownFileType = text; path = nfs_prot.x; sourceTree = "<group>"; };
		70DE25940AD7250E00E338E6 /* nfs_server.m */ = {isa = PBXFileReference; fileEncoding = 30; lastKnownFileType = sourcecode.c.objc; path = nfs_server.m; sourceTree = "<group>"; };
		70DE25950AD7250E00E338E6 /* nfs_svc.m */ = {isa = PBXFileReference; fileEncoding = 30; lastKnownFileType = sourcecode.c.objc; path = nfs_svc.m; sourceTree = "<group>"; };
		70DE25960AD7250E00E338E6 /* nfs_xdr.m */ = {isa = PBXFileReference; fileEncoding = 30; lastKnownFileType = sourcecode.c.objc; path = nfs_xdr.m; sourceTree = "<group>"; };
		70DE25970AD7250E00E338E6 /* nfs.h */ = {isa = PBXFileReference; fileEncoding = 30; lastKnownFileType = sourcecode.c.h; path = nfs.h; sourceTree = "<group>"; };
		8D1107310486CEB800E47090 /* Info.plist */ = {isa = PBXFileReference; fileEncoding = 4; lastKnownFileType = text.plist; path = Info.plist; sourceTree = "<group>"; };
		8D1107320486CEB800E47090 /* Birch.app */ = {isa = PBXFileReference; explicitFileType = wrapper.application; includeInIndex = 0; path = Birch.app; sourceTree = BUILT_PRODUCTS_DIR; };
/* End PBXFileReference section */

/* Begin PBXFrameworksBuildPhase section */
		8D11072E0486CEB800E47090 /* Frameworks */ = {
			isa = PBXFrameworksBuildPhase;
			buildActionMask = 2147483647;
			files = (
				8D11072F0486CEB800E47090 /* Cocoa.framework in Frameworks */,
			);
			runOnlyForDeploymentPostprocessing = 0;
		};
/* End PBXFrameworksBuildPhase section */

/* Begin PBXGroup section */
		080E96DDFE201D6D7F000001 /* Classes */ = {
			isa = PBXGroup;
			children = (
				7016CA9A0ADF198100F185D2 /* BirchController.h */,
				7016CA9B0ADF198100F185D2 /* BirchController.m */,
				70BA75FA0AF96E8400E2CB16 /* BirchMetadataKind.h */,
				70BA74FC0AF92DAC00E2CB16 /* BirchQuery.h */,
				70BA74FD0AF92DAC00E2CB16 /* BirchQuery.m */,
				70BA74970AF192F600E2CB16 /* Dentry.h */,
				70BA74980AF192F600E2CB16 /* Dentry.m */,
				70BA74A30AF2A2D000E2CB16 /* DentryDirectory.h */,
				70BA74A40AF2A2D000E2CB16 /* DentryDirectory.m */,
				7018A3960B00243E007911F2 /* DentryEmptyfile.h */,
				7018A3970B00243E007911F2 /* DentryEmptyfile.m */,
				70BA74AA0AF2A33200E2CB16 /* DentryFile.h */,
				70BA74AB0AF2A33200E2CB16 /* DentryFile.m */,
				7004C49D0B0506A90065EBFD /* DentryMetafile.h */,
				7004C49E0B0506A90065EBFD /* DentryMetafile.m */,
				70BA748C0AF1795800E2CB16 /* FileHandle.h */,
				70BA748D0AF1795800E2CB16 /* FileHandle.m */,
				70BA76A10AFBC72D00E2CB16 /* HeapBuffer.h */,
				70BA76A20AFBC72D00E2CB16 /* HeapBuffer.m */,
				7016CDC60AE982E000F185D2 /* NFSServer.h */,
				7016CDC70AE982E000F185D2 /* NFSServer.m */,
				7016CE990AED821100F185D2 /* NFSServerState.h */,
				70BA77370AFBD59D00E2CB16 /* RunningQuery.h */,
				70BA77380AFBD59D00E2CB16 /* RunningQuery.m */,
				70C29BCC0AFE8EAD006C581C /* constants.h */,
			);
			name = Classes;
			sourceTree = "<group>";
		};
		1058C7A0FEA54F0111CA2CBB /* Linked Frameworks */ = {
			isa = PBXGroup;
			children = (
				1058C7A1FEA54F0111CA2CBB /* Cocoa.framework */,
			);
			name = "Linked Frameworks";
			sourceTree = "<group>";
		};
		1058C7A2FEA54F0111CA2CBB /* Other Frameworks */ = {
			isa = PBXGroup;
			children = (
				29B97324FDCFA39411CA2CEA /* AppKit.framework */,
				13E42FB307B3F0F600E4EEF1 /* CoreData.framework */,
				29B97325FDCFA39411CA2CEA /* Foundation.framework */,
			);
			name = "Other Frameworks";
			sourceTree = "<group>";
		};
		19C28FACFE9D520D11CA2CBB /* Products */ = {
			isa = PBXGroup;
			children = (
				8D1107320486CEB800E47090 /* Birch.app */,
			);
			name = Products;
			sourceTree = "<group>";
		};
		29B97314FDCFA39411CA2CEA /* Birch */ = {
			isa = PBXGroup;
			children = (
				70DE25930AD724E300E338E6 /* NFS Support */,
				080E96DDFE201D6D7F000001 /* Classes */,
				29B97315FDCFA39411CA2CEA /* Other Sources */,
				29B97317FDCFA39411CA2CEA /* Resources */,
				29B97323FDCFA39411CA2CEA /* Frameworks */,
				19C28FACFE9D520D11CA2CBB /* Products */,
			);
			name = Birch;
			sourceTree = "<group>";
		};
		29B97315FDCFA39411CA2CEA /* Other Sources */ = {
			isa = PBXGroup;
			children = (
				708AAE0C0AF00FD9007144B0 /* mount.x */,
				70DE25810AD722A400E338E6 /* nfs_prot.x */,
				32CA4F630368D1EE00C91783 /* Birch_Prefix.pch */,
				29B97316FDCFA39411CA2CEA /* main.m */,
			);
			name = "Other Sources";
			sourceTree = "<group>";
		};
		29B97317FDCFA39411CA2CEA /* Resources */ = {
			isa = PBXGroup;
			children = (
				7016CD1A0AE7358400F185D2 /* Birch.icns */,
				8D1107310486CEB800E47090 /* Info.plist */,
				089C165CFE840E0CC02AAC07 /* InfoPlist.strings */,
				29B97318FDCFA39411CA2CEA /* MainMenu.nib */,
			);
			name = Resources;
			sourceTree = "<group>";
		};
		29B97323FDCFA39411CA2CEA /* Frameworks */ = {
			isa = PBXGroup;
			children = (
				1058C7A0FEA54F0111CA2CBB /* Linked Frameworks */,
				1058C7A2FEA54F0111CA2CBB /* Other Frameworks */,
			);
			name = Frameworks;
			sourceTree = "<group>";
		};
		70DE25930AD724E300E338E6 /* NFS Support */ = {
			isa = PBXGroup;
			children = (
				708AAE050AF00FB7007144B0 /* mount_server.m */,
				708AAE060AF00FB7007144B0 /* mount_svc.m */,
				708AAE070AF00FB7007144B0 /* mount_xdr.m */,
				708AAE080AF00FB7007144B0 /* mount.h */,
				70DE25940AD7250E00E338E6 /* nfs_server.m */,
				70DE25950AD7250E00E338E6 /* nfs_svc.m */,
				70DE25960AD7250E00E338E6 /* nfs_xdr.m */,
				70DE25970AD7250E00E338E6 /* nfs.h */,
			);
			name = "NFS Support";
			sourceTree = "<group>";
		};
/* End PBXGroup section */

/* Begin PBXNativeTarget section */
		8D1107260486CEB800E47090 /* Birch */ = {
			isa = PBXNativeTarget;
			buildConfigurationList = C01FCF4A08A954540054247B /* Build configuration list for PBXNativeTarget "Birch" */;
			buildPhases = (
				8D1107290486CEB800E47090 /* Resources */,
				8D11072C0486CEB800E47090 /* Sources */,
				8D11072E0486CEB800E47090 /* Frameworks */,
			);
			buildRules = (
			);
			dependencies = (
			);
			name = Birch;
			productInstallPath = "$(HOME)/Applications";
			productName = Birch;
			productReference = 8D1107320486CEB800E47090 /* Birch.app */;
			productType = "com.apple.product-type.application";
		};
/* End PBXNativeTarget section */

/* Begin PBXProject section */
		29B97313FDCFA39411CA2CEA /* Project object */ = {
			isa = PBXProject;
			buildConfigurationList = C01FCF4E08A954540054247B /* Build configuration list for PBXProject "Birch" */;
			hasScannedForEncodings = 1;
			mainGroup = 29B97314FDCFA39411CA2CEA /* Birch */;
			projectDirPath = "";
			targets = (
				8D1107260486CEB800E47090 /* Birch */,
			);
		};
/* End PBXProject section */

/* Begin PBXResourcesBuildPhase section */
		8D1107290486CEB800E47090 /* Resources */ = {
			isa = PBXResourcesBuildPhase;
			buildActionMask = 2147483647;
			files = (
				8D11072A0486CEB800E47090 /* MainMenu.nib in Resources */,
				8D11072B0486CEB800E47090 /* InfoPlist.strings in Resources */,
				7016CD1B0AE7358600F185D2 /* Birch.icns in Resources */,
			);
			runOnlyForDeploymentPostprocessing = 0;
		};
/* End PBXResourcesBuildPhase section */

/* Begin PBXSourcesBuildPhase section */
		8D11072C0486CEB800E47090 /* Sources */ = {
			isa = PBXSourcesBuildPhase;
			buildActionMask = 2147483647;
			files = (
				8D11072D0486CEB800E47090 /* main.m in Sources */,
				70DE25980AD7250E00E338E6 /* nfs_server.m in Sources */,
				70DE25990AD7250E00E338E6 /* nfs_svc.m in Sources */,
				70DE259A0AD7250E00E338E6 /* nfs_xdr.m in Sources */,
				7016CA9C0ADF198100F185D2 /* BirchController.m in Sources */,
				7016CDC80AE982E000F185D2 /* NFSServer.m in Sources */,
				708AAE090AF00FB7007144B0 /* mount_server.m in Sources */,
				708AAE0A0AF00FB8007144B0 /* mount_svc.m in Sources */,
				708AAE0B0AF00FB8007144B0 /* mount_xdr.m in Sources */,
				70BA748E0AF1795800E2CB16 /* FileHandle.m in Sources */,
				70BA74990AF192F600E2CB16 /* Dentry.m in Sources */,
				70BA74A50AF2A2D000E2CB16 /* DentryDirectory.m in Sources */,
				70BA74AC0AF2A33200E2CB16 /* DentryFile.m in Sources */,
				70BA74FE0AF92DAC00E2CB16 /* BirchQuery.m in Sources */,
				70BA76A30AFBC72D00E2CB16 /* HeapBuffer.m in Sources */,
				70BA77390AFBD59D00E2CB16 /* RunningQuery.m in Sources */,
				7018A3980B00243E007911F2 /* DentryEmptyfile.m in Sources */,
				7004C49F0B0506A90065EBFD /* DentryMetafile.m in Sources */,
			);
			runOnlyForDeploymentPostprocessing = 0;
		};
/* End PBXSourcesBuildPhase section */

/* Begin PBXVariantGroup section */
		089C165CFE840E0CC02AAC07 /* InfoPlist.strings */ = {
			isa = PBXVariantGroup;
			children = (
				089C165DFE840E0CC02AAC07 /* English */,
			);
			name = InfoPlist.strings;
			sourceTree = "<group>";
		};
		29B97318FDCFA39411CA2CEA /* MainMenu.nib */ = {
			isa = PBXVariantGroup;
			children = (
				29B97319FDCFA39411CA2CEA /* English */,
			);
			name = MainMenu.nib;
			sourceTree = "<group>";
		};
/* End PBXVariantGroup section */

/* Begin XCBuildConfiguration section */
		C01FCF4B08A954540054247B /* Debug */ = {
			isa = XCBuildConfiguration;
			buildSettings = {
				COPY_PHASE_STRIP = NO;
				GCC_DYNAMIC_NO_PIC = NO;
				GCC_ENABLE_FIX_AND_CONTINUE = YES;
				GCC_MODEL_TUNING = G5;
				GCC_OPTIMIZATION_LEVEL = 0;
				GCC_PREPROCESSOR_DEFINITIONS = (
					"$(inherited)",
					"DEBUG=1",
				);
				INFOPLIST_FILE = Info.plist;
				INSTALL_PATH = "$(HOME)/Applications";
				OTHER_LDFLAGS = (
					"-lcrypto",
					"$(inherited)",
				);
				PRODUCT_NAME = Birch;
				WRAPPER_EXTENSION = app;
				ZERO_LINK = YES;
			};
			name = Debug;
		};
		C01FCF4C08A954540054247B /* Release */ = {
			isa = XCBuildConfiguration;
			buildSettings = {
				ARCHS = (
					ppc,
					i386,
				);
				GCC_GENERATE_DEBUGGING_SYMBOLS = NO;
				GCC_MODEL_TUNING = G5;
				INFOPLIST_FILE = Info.plist;
				INSTALL_PATH = "$(HOME)/Applications";
				OTHER_LDFLAGS = (
					"-lcrypto",
					"$(inherited)",
				);
				PRODUCT_NAME = Birch;
				WRAPPER_EXTENSION = app;
			};
			name = Release;
		};
		C01FCF4F08A954540054247B /* Debug */ = {
			isa = XCBuildConfiguration;
			buildSettings = {
				GCC_WARN_ABOUT_RETURN_TYPE = YES;
				GCC_WARN_UNUSED_VARIABLE = YES;
				PREBINDING = NO;
				SDKROOT = /Developer/SDKs/MacOSX10.4u.sdk;
			};
			name = Debug;
		};
		C01FCF5008A954540054247B /* Release */ = {
			isa = XCBuildConfiguration;
			buildSettings = {
				GCC_WARN_ABOUT_RETURN_TYPE = YES;
				GCC_WARN_UNUSED_VARIABLE = YES;
				PREBINDING = NO;
				SDKROOT = /Developer/SDKs/MacOSX10.4u.sdk;
			};
			name = Release;
		};
/* End XCBuildConfiguration section */

/* Begin XCConfigurationList section */
		C01FCF4A08A954540054247B /* Build configuration list for PBXNativeTarget "Birch" */ = {
			isa = XCConfigurationList;
			buildConfigurations = (
				C01FCF4B08A954540054247B /* Debug */,
				C01FCF4C08A954540054247B /* Release */,
			);
			defaultConfigurationIsVisible = 0;
			defaultConfigurationName = Release;
		};
		C01FCF4E08A954540054247B /* Build configuration list for PBXProject "Birch" */ = {
			isa = XCConfigurationList;
			buildConfigurations = (
				C01FCF4F08A954540054247B /* Debug */,
				C01FCF5008A954540054247B /* Release */,
			);
			defaultConfigurationIsVisible = 0;
			defaultConfigurationName = Release;
		};
/* End XCConfigurationList section */
	};
	rootObject = 29B97313FDCFA39411CA2CEA /* Project object */;
}
